// !$*UTF8*$!
{
	archiveVersion = 1;
	classes = {
	};
	objectVersion = 46;
	objects = {

/* Begin PBXBuildFile section */
		1E2CBDC1193B643D009ACF6D /* Foundation.framework in Frameworks */ = {isa = PBXBuildFile; fileRef = 1E2CBDC0193B643D009ACF6D /* Foundation.framework */; };
		1E2CBDC3193B643D009ACF6D /* CoreGraphics.framework in Frameworks */ = {isa = PBXBuildFile; fileRef = 1E2CBDC2193B643D009ACF6D /* CoreGraphics.framework */; };
		1E2CBDC5193B643D009ACF6D /* UIKit.framework in Frameworks */ = {isa = PBXBuildFile; fileRef = 1E2CBDC4193B643D009ACF6D /* UIKit.framework */; };
		1E2CBDCB193B643D009ACF6D /* InfoPlist.strings in Resources */ = {isa = PBXBuildFile; fileRef = 1E2CBDC9193B643D009ACF6D /* InfoPlist.strings */; };
		1E2CBDCD193B643D009ACF6D /* main.m in Sources */ = {isa = PBXBuildFile; fileRef = 1E2CBDCC193B643D009ACF6D /* main.m */; };
		1E2CBDD1193B643D009ACF6D /* PRAppDelegate.m in Sources */ = {isa = PBXBuildFile; fileRef = 1E2CBDD0193B643D009ACF6D /* PRAppDelegate.m */; };
		1E2CBDD4193B643D009ACF6D /* Main.storyboard in Resources */ = {isa = PBXBuildFile; fileRef = 1E2CBDD2193B643D009ACF6D /* Main.storyboard */; };
		1E2CBDD7193B643D009ACF6D /* PRViewController.m in Sources */ = {isa = PBXBuildFile; fileRef = 1E2CBDD6193B643D009ACF6D /* PRViewController.m */; };
		1E2CBDD9193B643D009ACF6D /* Images.xcassets in Resources */ = {isa = PBXBuildFile; fileRef = 1E2CBDD8193B643D009ACF6D /* Images.xcassets */; };
		1E2CBDE0193B643D009ACF6D /* XCTest.framework in Frameworks */ = {isa = PBXBuildFile; fileRef = 1E2CBDDF193B643D009ACF6D /* XCTest.framework */; };
		1E2CBDE1193B643D009ACF6D /* Foundation.framework in Frameworks */ = {isa = PBXBuildFile; fileRef = 1E2CBDC0193B643D009ACF6D /* Foundation.framework */; };
		1E2CBDE2193B643D009ACF6D /* UIKit.framework in Frameworks */ = {isa = PBXBuildFile; fileRef = 1E2CBDC4193B643D009ACF6D /* UIKit.framework */; };
		1E2CBDEA193B643D009ACF6D /* InfoPlist.strings in Resources */ = {isa = PBXBuildFile; fileRef = 1E2CBDE8193B643D009ACF6D /* InfoPlist.strings */; };
		1E2CBDEC193B643D009ACF6D /* MyWorkoutsTests.m in Sources */ = {isa = PBXBuildFile; fileRef = 1E2CBDEB193B643D009ACF6D /* MyWorkoutsTests.m */; };
/* End PBXBuildFile section */

/* Begin PBXContainerItemProxy section */
		1E2CBDE3193B643D009ACF6D /* PBXContainerItemProxy */ = {
			isa = PBXContainerItemProxy;
			containerPortal = 1E2CBDB5193B643D009ACF6D /* Project object */;
			proxyType = 1;
			remoteGlobalIDString = 1E2CBDBC193B643D009ACF6D;
			remoteInfo = MyWorkouts;
		};
/* End PBXContainerItemProxy section */

/* Begin PBXFileReference section */
		1E2CBDBD193B643D009ACF6D /* MyWorkouts.app */ = {isa = PBXFileReference; explicitFileType = wrapper.application; includeInIndex = 0; path = MyWorkouts.app; sourceTree = BUILT_PRODUCTS_DIR; };
		1E2CBDC0193B643D009ACF6D /* Foundation.framework */ = {isa = PBXFileReference; lastKnownFileType = wrapper.framework; name = Foundation.framework; path = System/Library/Frameworks/Foundation.framework; sourceTree = SDKROOT; };
		1E2CBDC2193B643D009ACF6D /* CoreGraphics.framework */ = {isa = PBXFileReference; lastKnownFileType = wrapper.framework; name = CoreGraphics.framework; path = System/Library/Frameworks/CoreGraphics.framework; sourceTree = SDKROOT; };
		1E2CBDC4193B643D009ACF6D /* UIKit.framework */ = {isa = PBXFileReference; lastKnownFileType = wrapper.framework; name = UIKit.framework; path = System/Library/Frameworks/UIKit.framework; sourceTree = SDKROOT; };
		1E2CBDC8193B643D009ACF6D /* MyWorkouts-Info.plist */ = {isa = PBXFileReference; lastKnownFileType = text.plist.xml; path = "MyWorkouts-Info.plist"; sourceTree = "<group>"; };
		1E2CBDCA193B643D009ACF6D /* en */ = {isa = PBXFileReference; lastKnownFileType = text.plist.strings; name = en; path = en.lproj/InfoPlist.strings; sourceTree = "<group>"; };
		1E2CBDCC193B643D009ACF6D /* main.m */ = {isa = PBXFileReference; lastKnownFileType = sourcecode.c.objc; path = main.m; sourceTree = "<group>"; };
		1E2CBDCE193B643D009ACF6D /* MyWorkouts-Prefix.pch */ = {isa = PBXFileReference; lastKnownFileType = sourcecode.c.h; path = "MyWorkouts-Prefix.pch"; sourceTree = "<group>"; };
		1E2CBDCF193B643D009ACF6D /* PRAppDelegate.h */ = {isa = PBXFileReference; lastKnownFileType = sourcecode.c.h; path = PRAppDelegate.h; sourceTree = "<group>"; };
		1E2CBDD0193B643D009ACF6D /* PRAppDelegate.m */ = {isa = PBXFileReference; lastKnownFileType = sourcecode.c.objc; path = PRAppDelegate.m; sourceTree = "<group>"; };
		1E2CBDD3193B643D009ACF6D /* Base */ = {isa = PBXFileReference; lastKnownFileType = file.storyboard; name = Base; path = Base.lproj/Main.storyboard; sourceTree = "<group>"; };
		1E2CBDD5193B643D009ACF6D /* PRViewController.h */ = {isa = PBXFileReference; lastKnownFileType = sourcecode.c.h; path = PRViewController.h; sourceTree = "<group>"; };
		1E2CBDD6193B643D009ACF6D /* PRViewController.m */ = {isa = PBXFileReference; lastKnownFileType = sourcecode.c.objc; path = PRViewController.m; sourceTree = "<group>"; };
		1E2CBDD8193B643D009ACF6D /* Images.xcassets */ = {isa = PBXFileReference; lastKnownFileType = folder.assetcatalog; path = Images.xcassets; sourceTree = "<group>"; };
		1E2CBDDE193B643D009ACF6D /* MyWorkoutsTests.xctest */ = {isa = PBXFileReference; explicitFileType = wrapper.cfbundle; includeInIndex = 0; path = MyWorkoutsTests.xctest; sourceTree = BUILT_PRODUCTS_DIR; };
		1E2CBDDF193B643D009ACF6D /* XCTest.framework */ = {isa = PBXFileReference; lastKnownFileType = wrapper.framework; name = XCTest.framework; path = Library/Frameworks/XCTest.framework; sourceTree = DEVELOPER_DIR; };
		1E2CBDE7193B643D009ACF6D /* MyWorkoutsTests-Info.plist */ = {isa = PBXFileReference; lastKnownFileType = text.plist.xml; path = "MyWorkoutsTests-Info.plist"; sourceTree = "<group>"; };
		1E2CBDE9193B643D009ACF6D /* en */ = {isa = PBXFileReference; lastKnownFileType = text.plist.strings; name = en; path = en.lproj/InfoPlist.strings; sourceTree = "<group>"; };
		1E2CBDEB193B643D009ACF6D /* MyWorkoutsTests.m */ = {isa = PBXFileReference; lastKnownFileType = sourcecode.c.objc; path = MyWorkoutsTests.m; sourceTree = "<group>"; };
/* End PBXFileReference section */

/* Begin PBXFrameworksBuildPhase section */
		1E2CBDBA193B643D009ACF6D /* Frameworks */ = {
			isa = PBXFrameworksBuildPhase;
			buildActionMask = 2147483647;
			files = (
				1E2CBDC3193B643D009ACF6D /* CoreGraphics.framework in Frameworks */,
				1E2CBDC5193B643D009ACF6D /* UIKit.framework in Frameworks */,
				1E2CBDC1193B643D009ACF6D /* Foundation.framework in Frameworks */,
			);
			runOnlyForDeploymentPostprocessing = 0;
		};
		1E2CBDDB193B643D009ACF6D /* Frameworks */ = {
			isa = PBXFrameworksBuildPhase;
			buildActionMask = 2147483647;
			files = (
				1E2CBDE0193B643D009ACF6D /* XCTest.framework in Frameworks */,
				1E2CBDE2193B643D009ACF6D /* UIKit.framework in Frameworks */,
				1E2CBDE1193B643D009ACF6D /* Foundation.framework in Frameworks */,
			);
			runOnlyForDeploymentPostprocessing = 0;
		};
/* End PBXFrameworksBuildPhase section */

/* Begin PBXGroup section */
		1E2CBDB4193B643D009ACF6D = {
			isa = PBXGroup;
			children = (
				1E2CBDC6193B643D009ACF6D /* MyWorkouts */,
				1E2CBDE5193B643D009ACF6D /* MyWorkoutsTests */,
				1E2CBDBF193B643D009ACF6D /* Frameworks */,
				1E2CBDBE193B643D009ACF6D /* Products */,
			);
			sourceTree = "<group>";
		};
		1E2CBDBE193B643D009ACF6D /* Products */ = {
			isa = PBXGroup;
			children = (
				1E2CBDBD193B643D009ACF6D /* MyWorkouts.app */,
				1E2CBDDE193B643D009ACF6D /* MyWorkoutsTests.xctest */,
			);
			name = Products;
			sourceTree = "<group>";
		};
		1E2CBDBF193B643D009ACF6D /* Frameworks */ = {
			isa = PBXGroup;
			children = (
				1E2CBDC0193B643D009ACF6D /* Foundation.framework */,
				1E2CBDC2193B643D009ACF6D /* CoreGraphics.framework */,
				1E2CBDC4193B643D009ACF6D /* UIKit.framework */,
				1E2CBDDF193B643D009ACF6D /* XCTest.framework */,
			);
			name = Frameworks;
			sourceTree = "<group>";
		};
		1E2CBDC6193B643D009ACF6D /* MyWorkouts */ = {
			isa = PBXGroup;
			children = (
				1E2CBDCF193B643D009ACF6D /* PRAppDelegate.h */,
				1E2CBDD0193B643D009ACF6D /* PRAppDelegate.m */,
				1E2CBDD2193B643D009ACF6D /* Main.storyboard */,
				1E2CBDD5193B643D009ACF6D /* PRViewController.h */,
				1E2CBDD6193B643D009ACF6D /* PRViewController.m */,
				1E2CBDD8193B643D009ACF6D /* Images.xcassets */,
				1E2CBDC7193B643D009ACF6D /* Supporting Files */,
			);
			path = MyWorkouts;
			sourceTree = "<group>";
		};
		1E2CBDC7193B643D009ACF6D /* Supporting Files */ = {
			isa = PBXGroup;
			children = (
				1E2CBDC8193B643D009ACF6D /* MyWorkouts-Info.plist */,
				1E2CBDC9193B643D009ACF6D /* InfoPlist.strings */,
				1E2CBDCC193B643D009ACF6D /* main.m */,
				1E2CBDCE193B643D009ACF6D /* MyWorkouts-Prefix.pch */,
			);
			name = "Supporting Files";
			sourceTree = "<group>";
		};
		1E2CBDE5193B643D009ACF6D /* MyWorkoutsTests */ = {
			isa = PBXGroup;
			children = (
				1E2CBDEB193B643D009ACF6D /* MyWorkoutsTests.m */,
				1E2CBDE6193B643D009ACF6D /* Supporting Files */,
			);
			path = MyWorkoutsTests;
			sourceTree = "<group>";
		};
		1E2CBDE6193B643D009ACF6D /* Supporting Files */ = {
			isa = PBXGroup;
			children = (
				1E2CBDE7193B643D009ACF6D /* MyWorkoutsTests-Info.plist */,
				1E2CBDE8193B643D009ACF6D /* InfoPlist.strings */,
			);
			name = "Supporting Files";
			sourceTree = "<group>";
		};
/* End PBXGroup section */

/* Begin PBXNativeTarget section */
		1E2CBDBC193B643D009ACF6D /* MyWorkouts */ = {
			isa = PBXNativeTarget;
			buildConfigurationList = 1E2CBDEF193B643D009ACF6D /* Build configuration list for PBXNativeTarget "MyWorkouts" */;
			buildPhases = (
				1E2CBDB9193B643D009ACF6D /* Sources */,
				1E2CBDBA193B643D009ACF6D /* Frameworks */,
				1E2CBDBB193B643D009ACF6D /* Resources */,
			);
			buildRules = (
			);
			dependencies = (
			);
			name = MyWorkouts;
			productName = MyWorkouts;
			productReference = 1E2CBDBD193B643D009ACF6D /* MyWorkouts.app */;
			productType = "com.apple.product-type.application";
		};
		1E2CBDDD193B643D009ACF6D /* MyWorkoutsTests */ = {
			isa = PBXNativeTarget;
			buildConfigurationList = 1E2CBDF2193B643D009ACF6D /* Build configuration list for PBXNativeTarget "MyWorkoutsTests" */;
			buildPhases = (
				1E2CBDDA193B643D009ACF6D /* Sources */,
				1E2CBDDB193B643D009ACF6D /* Frameworks */,
				1E2CBDDC193B643D009ACF6D /* Resources */,
			);
			buildRules = (
			);
			dependencies = (
				1E2CBDE4193B643D009ACF6D /* PBXTargetDependency */,
			);
			name = MyWorkoutsTests;
			productName = MyWorkoutsTests;
			productReference = 1E2CBDDE193B643D009ACF6D /* MyWorkoutsTests.xctest */;
			productType = "com.apple.product-type.bundle.unit-test";
		};
/* End PBXNativeTarget section */

/* Begin PBXProject section */
		1E2CBDB5193B643D009ACF6D /* Project object */ = {
			isa = PBXProject;
			attributes = {
				CLASSPREFIX = PR;
				LastUpgradeCheck = 0510;
				ORGANIZATIONNAME = "AIT Budapest";
				TargetAttributes = {
					1E2CBDDD193B643D009ACF6D = {
						TestTargetID = 1E2CBDBC193B643D009ACF6D;
					};
				};
			};
			buildConfigurationList = 1E2CBDB8193B643D009ACF6D /* Build configuration list for PBXProject "MyWorkouts" */;
			compatibilityVersion = "Xcode 3.2";
			developmentRegion = English;
			hasScannedForEncodings = 0;
			knownRegions = (
				en,
				Base,
			);
			mainGroup = 1E2CBDB4193B643D009ACF6D;
			productRefGroup = 1E2CBDBE193B643D009ACF6D /* Products */;
			projectDirPath = "";
			projectRoot = "";
			targets = (
				1E2CBDBC193B643D009ACF6D /* MyWorkouts */,
				1E2CBDDD193B643D009ACF6D /* MyWorkoutsTests */,
			);
		};
/* End PBXProject section */

/* Begin PBXResourcesBuildPhase section */
		1E2CBDBB193B643D009ACF6D /* Resources */ = {
			isa = PBXResourcesBuildPhase;
			buildActionMask = 2147483647;
			files = (
				1E2CBDD9193B643D009ACF6D /* Images.xcassets in Resources */,
				1E2CBDCB193B643D009ACF6D /* InfoPlist.strings in Resources */,
				1E2CBDD4193B643D009ACF6D /* Main.storyboard in Resources */,
			);
			runOnlyForDeploymentPostprocessing = 0;
		};
		1E2CBDDC193B643D009ACF6D /* Resources */ = {
			isa = PBXResourcesBuildPhase;
			buildActionMask = 2147483647;
			files = (
				1E2CBDEA193B643D009ACF6D /* InfoPlist.strings in Resources */,
			);
			runOnlyForDeploymentPostprocessing = 0;
		};
/* End PBXResourcesBuildPhase section */

/* Begin PBXSourcesBuildPhase section */
		1E2CBDB9193B643D009ACF6D /* Sources */ = {
			isa = PBXSourcesBuildPhase;
			buildActionMask = 2147483647;
			files = (
				1E2CBDD1193B643D009ACF6D /* PRAppDelegate.m in Sources */,
				1E2CBDD7193B643D009ACF6D /* PRViewController.m in Sources */,
				1E2CBDCD193B643D009ACF6D /* main.m in Sources */,
			);
			runOnlyForDeploymentPostprocessing = 0;
		};
		1E2CBDDA193B643D009ACF6D /* Sources */ = {
			isa = PBXSourcesBuildPhase;
			buildActionMask = 2147483647;
			files = (
				1E2CBDEC193B643D009ACF6D /* MyWorkoutsTests.m in Sources */,
			);
			runOnlyForDeploymentPostprocessing = 0;
		};
/* End PBXSourcesBuildPhase section */

/* Begin PBXTargetDependency section */
		1E2CBDE4193B643D009ACF6D /* PBXTargetDependency */ = {
			isa = PBXTargetDependency;
			target = 1E2CBDBC193B643D009ACF6D /* MyWorkouts */;
			targetProxy = 1E2CBDE3193B643D009ACF6D /* PBXContainerItemProxy */;
		};
/* End PBXTargetDependency section */

/* Begin PBXVariantGroup section */
		1E2CBDC9193B643D009ACF6D /* InfoPlist.strings */ = {
			isa = PBXVariantGroup;
			children = (
				1E2CBDCA193B643D009ACF6D /* en */,
			);
			name = InfoPlist.strings;
			sourceTree = "<group>";
		};
		1E2CBDD2193B643D009ACF6D /* Main.storyboard */ = {
			isa = PBXVariantGroup;
			children = (
				1E2CBDD3193B643D009ACF6D /* Base */,
			);
			name = Main.storyboard;
			sourceTree = "<group>";
		};
		1E2CBDE8193B643D009ACF6D /* InfoPlist.strings */ = {
			isa = PBXVariantGroup;
			children = (
				1E2CBDE9193B643D009ACF6D /* en */,
			);
			name = InfoPlist.strings;
			sourceTree = "<group>";
		};
/* End PBXVariantGroup section */

/* Begin XCBuildConfiguration section */
		1E2CBDED193B643D009ACF6D /* Debug */ = {
			isa = XCBuildConfiguration;
			buildSettings = {
				ALWAYS_SEARCH_USER_PATHS = NO;
				CLANG_CXX_LANGUAGE_STANDARD = "gnu++0x";
				CLANG_CXX_LIBRARY = "libc++";
				CLANG_ENABLE_MODULES = YES;
				CLANG_ENABLE_OBJC_ARC = YES;
				CLANG_WARN_BOOL_CONVERSION = YES;
				CLANG_WARN_CONSTANT_CONVERSION = YES;
				CLANG_WARN_DIRECT_OBJC_ISA_USAGE = YES_ERROR;
				CLANG_WARN_EMPTY_BODY = YES;
				CLANG_WARN_ENUM_CONVERSION = YES;
				CLANG_WARN_INT_CONVERSION = YES;
				CLANG_WARN_OBJC_ROOT_CLASS = YES_ERROR;
				CLANG_WARN__DUPLICATE_METHOD_MATCH = YES;
				"CODE_SIGN_IDENTITY[sdk=iphoneos*]" = "iPhone Developer";
				COPY_PHASE_STRIP = NO;
				GCC_C_LANGUAGE_STANDARD = gnu99;
				GCC_DYNAMIC_NO_PIC = NO;
				GCC_OPTIMIZATION_LEVEL = 0;
				GCC_PREPROCESSOR_DEFINITIONS = (
					"DEBUG=1",
					"$(inherited)",
				);
				GCC_SYMBOLS_PRIVATE_EXTERN = NO;
				GCC_WARN_64_TO_32_BIT_CONVERSION = YES;
				GCC_WARN_ABOUT_RETURN_TYPE = YES_ERROR;
				GCC_WARN_UNDECLARED_SELECTOR = YES;
				GCC_WARN_UNINITIALIZED_AUTOS = YES_AGGRESSIVE;
				GCC_WARN_UNUSED_FUNCTION = YES;
				GCC_WARN_UNUSED_VARIABLE = YES;
				IPHONEOS_DEPLOYMENT_TARGET = 7.1;
				ONLY_ACTIVE_ARCH = YES;
				SDKROOT = iphoneos;
			};
			name = Debug;
		};
		1E2CBDEE193B643D009ACF6D /* Release */ = {
			isa = XCBuildConfiguration;
			buildSettings = {
				ALWAYS_SEARCH_USER_PATHS = NO;
				CLANG_CXX_LANGUAGE_STANDARD = "gnu++0x";
				CLANG_CXX_LIBRARY = "libc++";
				CLANG_ENABLE_MODULES = YES;
				CLANG_ENABLE_OBJC_ARC = YES;
				CLANG_WARN_BOOL_CONVERSION = YES;
				CLANG_WARN_CONSTANT_CONVERSION = YES;
				CLANG_WARN_DIRECT_OBJC_ISA_USAGE = YES_ERROR;
				CLANG_WARN_EMPTY_BODY = YES;
				CLANG_WARN_ENUM_CONVERSION = YES;
				CLANG_WARN_INT_CONVERSION = YES;
				CLANG_WARN_OBJC_ROOT_CLASS = YES_ERROR;
				CLANG_WARN__DUPLICATE_METHOD_MATCH = YES;
				"CODE_SIGN_IDENTITY[sdk=iphoneos*]" = "iPhone Developer";
				COPY_PHASE_STRIP = YES;
				ENABLE_NS_ASSERTIONS = NO;
				GCC_C_LANGUAGE_STANDARD = gnu99;
				GCC_WARN_64_TO_32_BIT_CONVERSION = YES;
				GCC_WARN_ABOUT_RETURN_TYPE = YES_ERROR;
				GCC_WARN_UNDECLARED_SELECTOR = YES;
				GCC_WARN_UNINITIALIZED_AUTOS = YES_AGGRESSIVE;
				GCC_WARN_UNUSED_FUNCTION = YES;
				GCC_WARN_UNUSED_VARIABLE = YES;
				IPHONEOS_DEPLOYMENT_TARGET = 7.1;
				SDKROOT = iphoneos;
				VALIDATE_PRODUCT = YES;
			};
			name = Release;
		};
		1E2CBDF0193B643D009ACF6D /* Debug */ = {
			isa = XCBuildConfiguration;
			buildSettings = {
				ASSETCATALOG_COMPILER_APPICON_NAME = AppIcon;
				ASSETCATALOG_COMPILER_LAUNCHIMAGE_NAME = LaunchImage;
				GCC_PRECOMPILE_PREFIX_HEADER = YES;
				GCC_PREFIX_HEADER = "MyWorkouts/MyWorkouts-Prefix.pch";
				INFOPLIST_FILE = "MyWorkouts/MyWorkouts-Info.plist";
				PRODUCT_NAME = "$(TARGET_NAME)";
				WRAPPER_EXTENSION = app;
			};
			name = Debug;
		};
		1E2CBDF1193B643D009ACF6D /* Release */ = {
			isa = XCBuildConfiguration;
			buildSettings = {
				ASSETCATALOG_COMPILER_APPICON_NAME = AppIcon;
				ASSETCATALOG_COMPILER_LAUNCHIMAGE_NAME = LaunchImage;
				GCC_PRECOMPILE_PREFIX_HEADER = YES;
				GCC_PREFIX_HEADER = "MyWorkouts/MyWorkouts-Prefix.pch";
				INFOPLIST_FILE = "MyWorkouts/MyWorkouts-Info.plist";
				PRODUCT_NAME = "$(TARGET_NAME)";
				WRAPPER_EXTENSION = app;
			};
			name = Release;
		};
		1E2CBDF3193B643D009ACF6D /* Debug */ = {
			isa = XCBuildConfiguration;
			buildSettings = {
				BUNDLE_LOADER = "$(BUILT_PRODUCTS_DIR)/MyWorkouts.app/MyWorkouts";
				FRAMEWORK_SEARCH_PATHS = (
					"$(SDKROOT)/Developer/Library/Frameworks",
					"$(inherited)",
					"$(DEVELOPER_FRAMEWORKS_DIR)",
				);
				GCC_PRECOMPILE_PREFIX_HEADER = YES;
				GCC_PREFIX_HEADER = "MyWorkouts/MyWorkouts-Prefix.pch";
				GCC_PREPROCESSOR_DEFINITIONS = (
					"DEBUG=1",
					"$(inherited)",
				);
				INFOPLIST_FILE = "MyWorkoutsTests/MyWorkoutsTests-Info.plist";
				PRODUCT_NAME = "$(TARGET_NAME)";
				TEST_HOST = "$(BUNDLE_LOADER)";
				WRAPPER_EXTENSION = xctest;
			};
			name = Debug;
		};
		1E2CBDF4193B643D009ACF6D /* Release */ = {
			isa = XCBuildConfiguration;
			buildSettings = {
				BUNDLE_LOADER = "$(BUILT_PRODUCTS_DIR)/MyWorkouts.app/MyWorkouts";
				FRAMEWORK_SEARCH_PATHS = (
					"$(SDKROOT)/Developer/Library/Frameworks",
					"$(inherited)",
					"$(DEVELOPER_FRAMEWORKS_DIR)",
				);
				GCC_PRECOMPILE_PREFIX_HEADER = YES;
				GCC_PREFIX_HEADER = "MyWorkouts/MyWorkouts-Prefix.pch";
				INFOPLIST_FILE = "MyWorkoutsTests/MyWorkoutsTests-Info.plist";
				PRODUCT_NAME = "$(TARGET_NAME)";
				TEST_HOST = "$(BUNDLE_LOADER)";
				WRAPPER_EXTENSION = xctest;
			};
			name = Release;
		};
/* End XCBuildConfiguration section */

/* Begin XCConfigurationList section */
		1E2CBDB8193B643D009ACF6D /* Build configuration list for PBXProject "MyWorkouts" */ = {
			isa = XCConfigurationList;
			buildConfigurations = (
				1E2CBDED193B643D009ACF6D /* Debug */,
				1E2CBDEE193B643D009ACF6D /* Release */,
			);
			defaultConfigurationIsVisible = 0;
			defaultConfigurationName = Release;
		};
		1E2CBDEF193B643D009ACF6D /* Build configuration list for PBXNativeTarget "MyWorkouts" */ = {
			isa = XCConfigurationList;
			buildConfigurations = (
				1E2CBDF0193B643D009ACF6D /* Debug */,
				1E2CBDF1193B643D009ACF6D /* Release */,
			);
			defaultConfigurationIsVisible = 0;
		};
		1E2CBDF2193B643D009ACF6D /* Build configuration list for PBXNativeTarget "MyWorkoutsTests" */ = {
			isa = XCConfigurationList;
			buildConfigurations = (
				1E2CBDF3193B643D009ACF6D /* Debug */,
				1E2CBDF4193B643D009ACF6D /* Release */,
			);
			defaultConfigurationIsVisible = 0;
		};
/* End XCConfigurationList section */
	};
	rootObject = 1E2CBDB5193B643D009ACF6D /* Project object */;
}
